lockfileVersion: '9.0'

settings:
  autoInstallPeers: true
  excludeLinksFromLockfile: false

importers:

  .:
    dependencies:
      '@ai-sdk/anthropic':
        specifier: ^1.2.9
        version: 1.2.9(zod@3.24.2)
      '@ai-sdk/deepseek':
        specifier: ^0.2.9
        version: 0.2.9(zod@3.24.2)
      '@ai-sdk/openai':
        specifier: ^1.3.10
        version: 1.3.10(zod@3.24.2)
      ai:
        specifier: ^4.3.4
        version: 4.3.4(react@19.0.0)(zod@3.24.2)
      react:
        specifier: ^19.0.0
        version: 19.0.0
      react-dom:
        specifier: ^19.0.0
        version: 19.0.0(react@19.0.0)
      roughjs:
        specifier: ^4.6.6
        version: 4.6.6
      socket.io-client:
        specifier: ^4.8.1
        version: 4.8.1
      zustand:
        specifier: ^5.0.3
        version: 5.0.3(@types/react@19.0.10)(react@19.0.0)(use-sync-external-store@1.5.0(react@19.0.0))
    devDependencies:
      '@biomejs/biome':
        specifier: ^1.9.4
        version: 1.9.4
      '@rsbuild/core':
        specifier: ^1.2.11
        version: 1.2.14
      '@rsbuild/plugin-react':
        specifier: ^1.1.1
        version: 1.1.1(@rsbuild/core@1.2.14)
      '@types/react':
        specifier: ^19.0.10
        version: 19.0.10
      '@types/react-dom':
        specifier: ^19.0.4
        version: 19.0.4(@types/react@19.0.10)
      typescript:
        specifier: ^5.7.3
        version: 5.8.2

packages:

  '@ai-sdk/anthropic@1.2.9':
    resolution: {integrity: sha512-IsPKFt45rEhrAIeJisNr5hS1N6NPiVD/sBcS6wqJc2eKp32Q74SqDn6hmEgk4MlqxuWzpUCQ2kjsa75gAV3Hew==}
    engines: {node: '>=18'}
    peerDependencies:
      zod: ^3.0.0

  '@ai-sdk/deepseek@0.2.9':
    resolution: {integrity: sha512-SQoIDLh3oUIYowTWeaKrXm6z6BN30BC+ds5JjPASLiJktMRrNzKXWHMD6WflFrHEsgniqs3i97aNxSCLfBxY/Q==}
    engines: {node: '>=18'}
    peerDependencies:
      zod: ^3.0.0

  '@ai-sdk/openai-compatible@0.2.9':
    resolution: {integrity: sha512-Hy8+dLeQUzZ5ouLRNKEA6Ze1IpIYRetDV9wCsIOHHjh2MsssuUGqvHpB45MUiSFfAiRnBdTHGBNeQM6z8BLtSA==}
    engines: {node: '>=18'}
    peerDependencies:
      zod: ^3.0.0

  '@ai-sdk/openai@1.3.10':
    resolution: {integrity: sha512-XO0wF2lmAMWCYjkM5bLpWTKoXet61fBiIimTi+blqEGiLUjAvivt/1zZL1Lzhrv9+p19IC1rn9EWZI1dCelV8w==}
    engines: {node: '>=18'}
    peerDependencies:
      zod: ^3.0.0

  '@ai-sdk/provider-utils@2.2.6':
    resolution: {integrity: sha512-sUlZ7Gnq84DCGWMQRIK8XVbkzIBnvPR1diV4v6JwPgpn5armnLI/j+rqn62MpLrU5ZCQZlDKl/Lw6ed3ulYqaA==}
    engines: {node: '>=18'}
    peerDependencies:
      zod: ^3.23.8

  '@ai-sdk/provider@1.1.2':
    resolution: {integrity: sha512-ITdgNilJZwLKR7X5TnUr1BsQW6UTX5yFp0h66Nfx8XjBYkWD9W3yugr50GOz3CnE9m/U/Cd5OyEbTMI0rgi6ZQ==}
    engines: {node: '>=18'}

  '@ai-sdk/react@1.2.8':
    resolution: {integrity: sha512-S2FzCSi4uTF0JuSN6zYMXyiAWVAzi/Hho8ISYgHpGZiICYLNCP2si4DuXQOsnWef3IXzQPLVoE11C63lILZIkw==}
    engines: {node: '>=18'}
    peerDependencies:
      react: ^18 || ^19 || ^19.0.0-rc
      zod: ^3.23.8
    peerDependenciesMeta:
      zod:
        optional: true

  '@ai-sdk/ui-utils@1.2.7':
    resolution: {integrity: sha512-OVRxa4SDj0wVsMZ8tGr/whT89oqNtNoXBKmqWC2BRv5ZG6azL2LYZ5ZK35u3lb4l1IE7cWGsLlmq0py0ttsL7A==}
    engines: {node: '>=18'}
    peerDependencies:
      zod: ^3.23.8

  '@biomejs/biome@1.9.4':
    resolution: {integrity: sha512-1rkd7G70+o9KkTn5KLmDYXihGoTaIGO9PIIN2ZB7UJxFrWw04CZHPYiMRjYsaDvVV7hP1dYNRLxSANLaBFGpog==}
    engines: {node: '>=14.21.3'}
    hasBin: true

  '@biomejs/cli-darwin-arm64@1.9.4':
    resolution: {integrity: sha512-bFBsPWrNvkdKrNCYeAp+xo2HecOGPAy9WyNyB/jKnnedgzl4W4Hb9ZMzYNbf8dMCGmUdSavlYHiR01QaYR58cw==}
    engines: {node: '>=14.21.3'}
    cpu: [arm64]
    os: [darwin]

  '@biomejs/cli-darwin-x64@1.9.4':
    resolution: {integrity: sha512-ngYBh/+bEedqkSevPVhLP4QfVPCpb+4BBe2p7Xs32dBgs7rh9nY2AIYUL6BgLw1JVXV8GlpKmb/hNiuIxfPfZg==}
    engines: {node: '>=14.21.3'}
    cpu: [x64]
    os: [darwin]

  '@biomejs/cli-linux-arm64-musl@1.9.4':
    resolution: {integrity: sha512-v665Ct9WCRjGa8+kTr0CzApU0+XXtRgwmzIf1SeKSGAv+2scAlW6JR5PMFo6FzqqZ64Po79cKODKf3/AAmECqA==}
    engines: {node: '>=14.21.3'}
    cpu: [arm64]
    os: [linux]
    libc: [musl]

  '@biomejs/cli-linux-arm64@1.9.4':
    resolution: {integrity: sha512-fJIW0+LYujdjUgJJuwesP4EjIBl/N/TcOX3IvIHJQNsAqvV2CHIogsmA94BPG6jZATS4Hi+xv4SkBBQSt1N4/g==}
    engines: {node: '>=14.21.3'}
    cpu: [arm64]
    os: [linux]
    libc: [glibc]

  '@biomejs/cli-linux-x64-musl@1.9.4':
    resolution: {integrity: sha512-gEhi/jSBhZ2m6wjV530Yy8+fNqG8PAinM3oV7CyO+6c3CEh16Eizm21uHVsyVBEB6RIM8JHIl6AGYCv6Q6Q9Tg==}
    engines: {node: '>=14.21.3'}
    cpu: [x64]
    os: [linux]
    libc: [musl]

  '@biomejs/cli-linux-x64@1.9.4':
    resolution: {integrity: sha512-lRCJv/Vi3Vlwmbd6K+oQ0KhLHMAysN8lXoCI7XeHlxaajk06u7G+UsFSO01NAs5iYuWKmVZjmiOzJ0OJmGsMwg==}
    engines: {node: '>=14.21.3'}
    cpu: [x64]
    os: [linux]
    libc: [glibc]

  '@biomejs/cli-win32-arm64@1.9.4':
    resolution: {integrity: sha512-tlbhLk+WXZmgwoIKwHIHEBZUwxml7bRJgk0X2sPyNR3S93cdRq6XulAZRQJ17FYGGzWne0fgrXBKpl7l4M87Hg==}
    engines: {node: '>=14.21.3'}
    cpu: [arm64]
    os: [win32]

  '@biomejs/cli-win32-x64@1.9.4':
    resolution: {integrity: sha512-8Y5wMhVIPaWe6jw2H+KlEm4wP/f7EW3810ZLmDlrEEy5KvBsb9ECEfu/kMWD484ijfQ8+nIi0giMgu9g1UAuuA==}
    engines: {node: '>=14.21.3'}
    cpu: [x64]
    os: [win32]

  '@module-federation/error-codes@0.8.4':
    resolution: {integrity: sha512-55LYmrDdKb4jt+qr8qE8U3al62ZANp3FhfVaNPOaAmdTh0jHdD8M3yf5HKFlr5xVkVO4eV/F/J2NCfpbh+pEXQ==}

  '@module-federation/runtime-tools@0.8.4':
    resolution: {integrity: sha512-fjVOsItJ1u5YY6E9FnS56UDwZgqEQUrWFnouRiPtK123LUuqUI9FH4redZoKWlE1PB0ir1Z3tnqy8eFYzPO38Q==}

  '@module-federation/runtime@0.8.4':
    resolution: {integrity: sha512-yZeZ7z2Rx4gv/0E97oLTF3V6N25vglmwXGgoeju/W2YjsFvWzVtCDI7zRRb0mJhU6+jmSM8jP1DeQGbea/AiZQ==}

  '@module-federation/sdk@0.8.4':
    resolution: {integrity: sha512-waABomIjg/5m1rPDBWYG4KUhS5r7OUUY7S+avpaVIY/tkPWB3ibRDKy2dNLLAMaLKq0u+B1qIdEp4NIWkqhqpg==}

  '@module-federation/webpack-bundler-runtime@0.8.4':
    resolution: {integrity: sha512-HggROJhvHPUX7uqBD/XlajGygMNM1DG0+4OAkk8MBQe4a18QzrRNzZt6XQbRTSG4OaEoyRWhQHvYD3Yps405tQ==}

  '@opentelemetry/api@1.9.0':
    resolution: {integrity: sha512-3giAOQvZiH5F9bMlMiv8+GSPMeqg0dbaeo58/0SlA9sxSqZhnUtxzX9/2FzyhS9sWQf5S0GJE0AKBrFqjpeYcg==}
    engines: {node: '>=8.0.0'}

  '@rsbuild/core@1.2.14':
    resolution: {integrity: sha512-G8AqvCHBhs8Yt7pOQuS5YYjdYozp436ohaLr1iAMB/Jw01VNFh4u1tpShudRnw3NPmHhJ82wBaEu1zNaJ0VsKg==}
    engines: {node: '>=16.7.0'}
    hasBin: true

  '@rsbuild/plugin-react@1.1.1':
    resolution: {integrity: sha512-gkATKrOQauXMMtrYA5jbTQkhmYTE0VXoknPLtVpiXtwDbBUwgX23LFf1XJ51YOwqYpP7g5SfPEMgD2FENtCq0A==}
    peerDependencies:
      '@rsbuild/core': 1.x

  '@rspack/binding-darwin-arm64@1.2.5':
    resolution: {integrity: sha512-ou0NXMLp6RxY9Bx8P9lA8ArVjz/WAI/gSu5kKrdKKtMs6WKutl4vvP9A4HHZnISd9Tn00dlvDwNeNSUR7fjoDQ==}
    cpu: [arm64]
    os: [darwin]

  '@rspack/binding-darwin-x64@1.2.5':
    resolution: {integrity: sha512-RdvH9YongQlDE9+T2Xh5D2+dyiLHx2Gz38Af1uObyBRNWjF1qbuR51hOas0f2NFUdyA03j1+HWZCbE7yZrmI3w==}
    cpu: [x64]
    os: [darwin]

  '@rspack/binding-linux-arm64-gnu@1.2.5':
    resolution: {integrity: sha512-jznk/CI/wN93fr8I1j3la/CAiGf8aG7ZHIpRBtT4CkNze0c5BcF3AaJVSBHVNQqgSv0qddxMt3SADpzV8rWZ6g==}
    cpu: [arm64]
    os: [linux]
    libc: [glibc]

  '@rspack/binding-linux-arm64-musl@1.2.5':
    resolution: {integrity: sha512-oYzcaJ0xjb1fWbbtPmjjPXeehExEgwJ8fEGYQ5TikB+p9oCLkAghnNjsz9evUhgjByxi+NTZ1YmUNwxRuQDY1Q==}
    cpu: [arm64]
    os: [linux]
    libc: [musl]

  '@rspack/binding-linux-x64-gnu@1.2.5':
    resolution: {integrity: sha512-dzEKs8oi86Vi+TFRCPpgmfF5ANL0VmlZN45e1An7HipeI2C5B1xrz/H8V43vPy8XEvQuMmkXO6Sp82A0zlHvIA==}
    cpu: [x64]
    os: [linux]
    libc: [glibc]

  '@rspack/binding-linux-x64-musl@1.2.5':
    resolution: {integrity: sha512-4ENeVPVSD97rRRGr6kJSm4sIPf1tKJ8vlr9hJi4sSvF7eMLWipSwIVmqRXJ2riVMRjYD2einmJ9KzI8rqQ2OwA==}
    cpu: [x64]
    os: [linux]
    libc: [musl]

  '@rspack/binding-win32-arm64-msvc@1.2.5':
    resolution: {integrity: sha512-WUoJvX/z43MWeW1JKAQIxdvqH02oLzbaGMCzIikvniZnakQovYLPH6tCYh7qD3p7uQsm+IafFddhFxTtogC3pg==}
    cpu: [arm64]
    os: [win32]

  '@rspack/binding-win32-ia32-msvc@1.2.5':
    resolution: {integrity: sha512-YzPvmt/gpiacE6aAacz4dxgEbNWwoKYPaT4WYy/oITobnAui++iCFXC4IICSmlpoA1y7O8K3Qb9jbaB/lLhbwA==}
    cpu: [ia32]
    os: [win32]

  '@rspack/binding-win32-x64-msvc@1.2.5':
    resolution: {integrity: sha512-QDDshfteMZiglllm7WUh/ITemFNuexwn1Yul7cHBFGQu6HqtqKNAR0kGR8J3e15MPMlinSaygVpfRE4A0KPmjQ==}
    cpu: [x64]
    os: [win32]

  '@rspack/binding@1.2.5':
    resolution: {integrity: sha512-q9vQmGDFZyFVMULwOFL7488WNSgn4ue94R/njDLMMIPF4K0oEJP2QT02elfG4KVGv2CbP63D7vEFN4ZNreo/Rw==}

  '@rspack/core@1.2.5':
    resolution: {integrity: sha512-x/riOl05gOVGgGQFimBqS5i8XbUpBxPIKUC+tDX4hmNNkzxRaGpspZfNtcL+1HBMyYuoM6fOWGyCp2R290Uy6g==}
    engines: {node: '>=16.0.0'}
    peerDependencies:
      '@rspack/tracing': ^1.x
      '@swc/helpers': '>=0.5.1'
    peerDependenciesMeta:
      '@rspack/tracing':
        optional: true
      '@swc/helpers':
        optional: true

  '@rspack/lite-tapable@1.0.1':
    resolution: {integrity: sha512-VynGOEsVw2s8TAlLf/uESfrgfrq2+rcXB1muPJYBWbsm1Oa6r5qVQhjA5ggM6z/coYPrsVMgovl3Ff7Q7OCp1w==}
    engines: {node: '>=16.0.0'}

  '@rspack/plugin-react-refresh@1.0.1':
    resolution: {integrity: sha512-KSBc3bsr3mrAPViv7w9MpE9KEWm6q87EyRXyHlRfJ9PpQ56NbX9KZ7AXo7jPeECb0q5sfpM2PSEf+syBiMgLSw==}
    peerDependencies:
      react-refresh: '>=0.10.0 <1.0.0'
    peerDependenciesMeta:
      react-refresh:
        optional: true

  '@socket.io/component-emitter@3.1.2':
    resolution: {integrity: sha512-9BCxFwvbGg/RsZK9tjXd8s4UcwR0MWeFQ1XEKIQVVvAGJyINdrqKMcTRyLoK8Rse1GjzLV9cwjWV1olXRWEXVA==}

  '@swc/helpers@0.5.15':
    resolution: {integrity: sha512-JQ5TuMi45Owi4/BIMAJBoSQoOJu12oOk/gADqlcUL9JEdHB8vyjUSsxqeNXnmXHjYKMi2WcYtezGEEhqUI/E2g==}

  '@types/diff-match-patch@1.0.36':
    resolution: {integrity: sha512-xFdR6tkm0MWvBfO8xXCSsinYxHcqkQUlcHeSpMC2ukzOb6lwQAfDmW+Qt0AvlGd8HpsS28qKsB+oPeJn9I39jg==}

  '@types/react-dom@19.0.4':
    resolution: {integrity: sha512-4fSQ8vWFkg+TGhePfUzVmat3eC14TXYSsiiDSLI0dVLsrm9gZFABjPy/Qu6TKgl1tq1Bu1yDsuQgY3A3DOjCcg==}
    peerDependencies:
      '@types/react': ^19.0.0

  '@types/react@19.0.10':
    resolution: {integrity: sha512-JuRQ9KXLEjaUNjTWpzuR231Z2WpIwczOkBEIvbHNCzQefFIT0L8IqE6NV6ULLyC1SI/i234JnDoMkfg+RjQj2g==}

  ai@4.3.4:
    resolution: {integrity: sha512-uMjzrowIqfU8CCCxhx8QGl7ETydHBROeNL0VoEwetkmDCY6Q8ZTacj6jNNqGJOiCk595aUrGR9VHPY9Ylvy1fg==}
    engines: {node: '>=18'}
    peerDependencies:
      react: ^18 || ^19 || ^19.0.0-rc
      zod: ^3.23.8
    peerDependenciesMeta:
      react:
        optional: true

  caniuse-lite@1.0.30001701:
    resolution: {integrity: sha512-faRs/AW3jA9nTwmJBSO1PQ6L/EOgsB5HMQQq4iCu5zhPgVVgO/pZRHlmatwijZKetFw8/Pr4q6dEN8sJuq8qTw==}

  chalk@5.4.1:
    resolution: {integrity: sha512-zgVZuo2WcZgfUEmsn6eO3kINexW8RAE4maiQ8QNs8CtpPCSyMiYsULR3HQYkm3w8FIA3SberyMJMSldGsW+U3w==}
    engines: {node: ^12.17.0 || ^14.13 || >=16.0.0}

  core-js@3.40.0:
    resolution: {integrity: sha512-7vsMc/Lty6AGnn7uFpYT56QesI5D2Y/UkgKounk87OP9Z2H9Z8kj6jzcSGAxFmUtDOS0ntK6lbQz+Nsa0Jj6mQ==}

  csstype@3.1.3:
    resolution: {integrity: sha512-M1uQkMl8rQK/szD0LNhtqxIPLpimGm8sOBwU7lLnCpSbTyY3yeU1Vc7l4KT5zT4s/yOxHH5O7tIuuLOCnLADRw==}

  debug@4.3.7:
    resolution: {integrity: sha512-Er2nc/H7RrMXZBFCEim6TCmMk02Z8vLC2Rbi1KEBggpo0fS6l0S1nnapwmIi3yW/+GOJap1Krg4w0Hg80oCqgQ==}
    engines: {node: '>=6.0'}
    peerDependencies:
      supports-color: '*'
    peerDependenciesMeta:
      supports-color:
        optional: true

  dequal@2.0.3:
    resolution: {integrity: sha512-0je+qPKHEMohvfRTCEo3CrPG6cAzAYgmzKyxRiYSSDkS6eGJdyVJm7WaYA5ECaAD9wLB2T4EEeymA5aFVcYXCA==}
    engines: {node: '>=6'}

  diff-match-patch@1.0.5:
    resolution: {integrity: sha512-IayShXAgj/QMXgB0IWmKx+rOPuGMhqm5w6jvFxmVenXKIzRqTAAsbBPT3kWQeGANj3jGgvcvv4yK6SxqYmikgw==}

  engine.io-client@6.6.3:
    resolution: {integrity: sha512-T0iLjnyNWahNyv/lcjS2y4oE358tVS/SYQNxYXGAJ9/GLgH4VCvOQ/mhTjqU88mLZCQgiG8RIegFHYCdVC+j5w==}

  engine.io-parser@5.2.3:
    resolution: {integrity: sha512-HqD3yTBfnBxIrbnM1DoD6Pcq8NECnh8d4As1Qgh0z5Gg3jRRIqijury0CL3ghu/edArpUYiYqQiDUQBIs4np3Q==}
    engines: {node: '>=10.0.0'}

  error-stack-parser@2.1.4:
    resolution: {integrity: sha512-Sk5V6wVazPhq5MhpO+AUxJn5x7XSXGl1R93Vn7i+zS15KDVxQijejNCrz8340/2bgLBjR9GtEG8ZVKONDjcqGQ==}

  hachure-fill@0.5.2:
    resolution: {integrity: sha512-3GKBOn+m2LX9iq+JC1064cSFprJY4jL1jCXTcpnfER5HYE2l/4EfWSGzkPa/ZDBmYI0ZOEj5VHV/eKnPGkHuOg==}

  html-entities@2.5.2:
    resolution: {integrity: sha512-K//PSRMQk4FZ78Kyau+mZurHn3FH0Vwr+H36eE0rPbeYkRRi9YxceYPhuN60UwWorxyKHhqoAJl2OFKa4BVtaA==}

  isomorphic-rslog@0.0.6:
    resolution: {integrity: sha512-HM0q6XqQ93psDlqvuViNs/Ea3hAyGDkIdVAHlrEocjjAwGrs1fZ+EdQjS9eUPacnYB7Y8SoDdSY3H8p3ce205A==}
    engines: {node: '>=14.17.6'}

  jiti@2.4.2:
    resolution: {integrity: sha512-rg9zJN+G4n2nfJl5MW3BMygZX56zKPNVEYYqq7adpmMh4Jn2QNEwhvQlFy6jPVdcod7txZtKHWnyZiA3a0zP7A==}
    hasBin: true

  json-schema@0.4.0:
    resolution: {integrity: sha512-es94M3nTIfsEPisRafak+HDLfHXnKBhV3vU5eqPcS3flIWqcxJWgXHXiey3YrpaNsanY5ei1VoYEbOzijuq9BA==}

  jsondiffpatch@0.6.0:
    resolution: {integrity: sha512-3QItJOXp2AP1uv7waBkao5nCvhEv+QmJAd38Ybq7wNI74Q+BBmnLn4EDKz6yI9xGAIQoUF87qHt+kc1IVxB4zQ==}
    engines: {node: ^18.0.0 || >=20.0.0}
    hasBin: true

  ms@2.1.3:
    resolution: {integrity: sha512-6FlzubTLZG3J2a/NVCAleEhjzq5oxgHyaCU9yYXvcLsvoVaHJq/s5xXI6/XXP6tz7R9xAOtHnSO/tXtF3WRTlA==}

  nanoid@3.3.11:
    resolution: {integrity: sha512-N8SpfPUnUp1bK+PMYW8qSWdl9U+wwNWI4QKxOYDy9JAro3WMX7p2OeVRF9v+347pnakNevPmiHhNmZ2HbFA76w==}
    engines: {node: ^10 || ^12 || ^13.7 || ^14 || >=15.0.1}
    hasBin: true

  path-data-parser@0.1.0:
    resolution: {integrity: sha512-NOnmBpt5Y2RWbuv0LMzsayp3lVylAHLPUTut412ZA3l+C4uw4ZVkQbjShYCQ8TCpUMdPapr4YjUqLYD6v68j+w==}

  points-on-curve@0.2.0:
    resolution: {integrity: sha512-0mYKnYYe9ZcqMCWhUjItv/oHjvgEsfKvnUTg8sAtnHr3GVy7rGkXCb6d5cSyqrWqL4k81b9CPg3urd+T7aop3A==}

  points-on-path@0.2.1:
    resolution: {integrity: sha512-25ClnWWuw7JbWZcgqY/gJ4FQWadKxGWk+3kR/7kD0tCaDtPPMj7oHu2ToLaVhfpnHrZzYby2w6tUA0eOIuUg8g==}

  react-dom@19.0.0:
    resolution: {integrity: sha512-4GV5sHFG0e/0AD4X+ySy6UJd3jVl1iNsNHdpad0qhABJ11twS3TTBnseqsKurKcsNqCEFeGL3uLpVChpIO3QfQ==}
    peerDependencies:
      react: ^19.0.0

  react-refresh@0.16.0:
    resolution: {integrity: sha512-FPvF2XxTSikpJxcr+bHut2H4gJ17+18Uy20D5/F+SKzFap62R3cM5wH6b8WN3LyGSYeQilLEcJcR1fjBSI2S1A==}
    engines: {node: '>=0.10.0'}

  react@19.0.0:
    resolution: {integrity: sha512-V8AVnmPIICiWpGfm6GLzCR/W5FXLchHop40W4nXBmdlEceh16rCN8O8LNWm5bh5XUX91fh7KpA+W0TgMKmgTpQ==}
    engines: {node: '>=0.10.0'}

  roughjs@4.6.6:
    resolution: {integrity: sha512-ZUz/69+SYpFN/g/lUlo2FXcIjRkSu3nDarreVdGGndHEBJ6cXPdKguS8JGxwj5HA5xIbVKSmLgr5b3AWxtRfvQ==}

  scheduler@0.25.0:
    resolution: {integrity: sha512-xFVuu11jh+xcO7JOAGJNOXld8/TcEHK/4CituBUeUb5hqxJLj9YuemAEuvm9gQ/+pgXYfbQuqAkiYu+u7YEsNA==}

  secure-json-parse@2.7.0:
    resolution: {integrity: sha512-6aU+Rwsezw7VR8/nyvKTx8QpWH9FrcYiXXlqC4z5d5XQBDRqtbfsRjnwGyqbi3gddNtWHuEk9OANUotL26qKUw==}

  socket.io-client@4.8.1:
    resolution: {integrity: sha512-hJVXfu3E28NmzGk8o1sHhN3om52tRvwYeidbj7xKy2eIIse5IoKX3USlS6Tqt3BHAtflLIkCQBkzVrEEfWUyYQ==}
    engines: {node: '>=10.0.0'}

  socket.io-parser@4.2.4:
    resolution: {integrity: sha512-/GbIKmo8ioc+NIWIhwdecY0ge+qVBSMdgxGygevmdHj24bsfgtCmcUUcQ5ZzcylGFHsN3k4HB4Cgkl96KVnuew==}
    engines: {node: '>=10.0.0'}

  stackframe@1.3.4:
    resolution: {integrity: sha512-oeVtt7eWQS+Na6F//S4kJ2K2VbRlS9D43mAlMyVpVWovy9o+jfgH8O9agzANzaiLjclA0oYzUXEM4PurhSUChw==}

  swr@2.3.3:
    resolution: {integrity: sha512-dshNvs3ExOqtZ6kJBaAsabhPdHyeY4P2cKwRCniDVifBMoG/SVI7tfLWqPXriVspf2Rg4tPzXJTnwaihIeFw2A==}
    peerDependencies:
      react: ^16.11.0 || ^17.0.0 || ^18.0.0 || ^19.0.0

  throttleit@2.1.0:
    resolution: {integrity: sha512-nt6AMGKW1p/70DF/hGBdJB57B8Tspmbp5gfJ8ilhLnt7kkr2ye7hzD6NVG8GGErk2HWF34igrL2CXmNIkzKqKw==}
    engines: {node: '>=18'}

  tslib@2.8.1:
    resolution: {integrity: sha512-oJFu94HQb+KVduSUQL7wnpmqnfmLsOA/nAh6b6EH0wCEoK0/mPeXU6c3wKDV83MkOuHPRHtSXKKU99IBazS/2w==}

  typescript@5.8.2:
    resolution: {integrity: sha512-aJn6wq13/afZp/jT9QZmwEjDqqvSGp1VT5GVg+f/t6/oVyrgXM6BY1h9BRh/O5p3PlUPAe+WuiEZOmb/49RqoQ==}
    engines: {node: '>=14.17'}
    hasBin: true

  use-sync-external-store@1.5.0:
    resolution: {integrity: sha512-Rb46I4cGGVBmjamjphe8L/UnvJD+uPPtTkNvX5mZgqdbavhI4EbgIWJiIHXJ8bc/i9EQGPRh4DwEURJ552Do0A==}
    peerDependencies:
      react: ^16.8.0 || ^17.0.0 || ^18.0.0 || ^19.0.0

  ws@8.17.1:
    resolution: {integrity: sha512-6XQFvXTkbfUOZOKKILFG1PDK2NDQs4azKQl26T0YS5CxqWLgXajbPZ+h4gZekJyRqFU8pvnbAbbs/3TgRPy+GQ==}
    engines: {node: '>=10.0.0'}
    peerDependencies:
      bufferutil: ^4.0.1
      utf-8-validate: '>=5.0.2'
    peerDependenciesMeta:
      bufferutil:
        optional: true
      utf-8-validate:
        optional: true

  xmlhttprequest-ssl@2.1.2:
    resolution: {integrity: sha512-TEU+nJVUUnA4CYJFLvK5X9AOeH4KvDvhIfm0vV1GaQRtchnG0hgK5p8hw/xjv8cunWYCsiPCSDzObPyhEwq3KQ==}
    engines: {node: '>=0.4.0'}

  zod-to-json-schema@3.24.5:
    resolution: {integrity: sha512-/AuWwMP+YqiPbsJx5D6TfgRTc4kTLjsh5SOcd4bLsfUg2RcEXrFMJl1DGgdHy2aCfsIA/cr/1JM0xcB2GZji8g==}
    peerDependencies:
      zod: ^3.24.1

  zod@3.24.2:
    resolution: {integrity: sha512-lY7CDW43ECgW9u1TcT3IoXHflywfVqDYze4waEz812jR/bZ8FHDsl7pFQoSZTz5N+2NqRXs8GBwnAwo3ZNxqhQ==}

  zustand@5.0.3:
    resolution: {integrity: sha512-14fwWQtU3pH4dE0dOpdMiWjddcH+QzKIgk1cl8epwSE7yag43k/AD/m4L6+K7DytAOr9gGBe3/EXj9g7cdostg==}
    engines: {node: '>=12.20.0'}
    peerDependencies:
      '@types/react': '>=18.0.0'
      immer: '>=9.0.6'
      react: '>=18.0.0'
      use-sync-external-store: '>=1.2.0'
    peerDependenciesMeta:
      '@types/react':
        optional: true
      immer:
        optional: true
      react:
        optional: true
      use-sync-external-store:
        optional: true

snapshots:

  '@ai-sdk/anthropic@1.2.9(zod@3.24.2)':
    dependencies:
      '@ai-sdk/provider': 1.1.2
      '@ai-sdk/provider-utils': 2.2.6(zod@3.24.2)
      zod: 3.24.2

  '@ai-sdk/deepseek@0.2.9(zod@3.24.2)':
    dependencies:
      '@ai-sdk/openai-compatible': 0.2.9(zod@3.24.2)
      '@ai-sdk/provider': 1.1.2
      '@ai-sdk/provider-utils': 2.2.6(zod@3.24.2)
      zod: 3.24.2

  '@ai-sdk/openai-compatible@0.2.9(zod@3.24.2)':
    dependencies:
      '@ai-sdk/provider': 1.1.2
      '@ai-sdk/provider-utils': 2.2.6(zod@3.24.2)
      zod: 3.24.2

  '@ai-sdk/openai@1.3.10(zod@3.24.2)':
    dependencies:
      '@ai-sdk/provider': 1.1.2
      '@ai-sdk/provider-utils': 2.2.6(zod@3.24.2)
      zod: 3.24.2

  '@ai-sdk/provider-utils@2.2.6(zod@3.24.2)':
    dependencies:
      '@ai-sdk/provider': 1.1.2
      nanoid: 3.3.11
      secure-json-parse: 2.7.0
      zod: 3.24.2

  '@ai-sdk/provider@1.1.2':
    dependencies:
      json-schema: 0.4.0

  '@ai-sdk/react@1.2.8(react@19.0.0)(zod@3.24.2)':
    dependencies:
      '@ai-sdk/provider-utils': 2.2.6(zod@3.24.2)
      '@ai-sdk/ui-utils': 1.2.7(zod@3.24.2)
      react: 19.0.0
      swr: 2.3.3(react@19.0.0)
      throttleit: 2.1.0
    optionalDependencies:
      zod: 3.24.2

  '@ai-sdk/ui-utils@1.2.7(zod@3.24.2)':
    dependencies:
      '@ai-sdk/provider': 1.1.2
      '@ai-sdk/provider-utils': 2.2.6(zod@3.24.2)
      zod: 3.24.2
      zod-to-json-schema: 3.24.5(zod@3.24.2)

  '@biomejs/biome@1.9.4':
    optionalDependencies:
      '@biomejs/cli-darwin-arm64': 1.9.4
      '@biomejs/cli-darwin-x64': 1.9.4
      '@biomejs/cli-linux-arm64': 1.9.4
      '@biomejs/cli-linux-arm64-musl': 1.9.4
      '@biomejs/cli-linux-x64': 1.9.4
      '@biomejs/cli-linux-x64-musl': 1.9.4
      '@biomejs/cli-win32-arm64': 1.9.4
      '@biomejs/cli-win32-x64': 1.9.4

  '@biomejs/cli-darwin-arm64@1.9.4':
    optional: true

  '@biomejs/cli-darwin-x64@1.9.4':
    optional: true

  '@biomejs/cli-linux-arm64-musl@1.9.4':
    optional: true

  '@biomejs/cli-linux-arm64@1.9.4':
    optional: true

  '@biomejs/cli-linux-x64-musl@1.9.4':
    optional: true

  '@biomejs/cli-linux-x64@1.9.4':
    optional: true

  '@biomejs/cli-win32-arm64@1.9.4':
    optional: true

  '@biomejs/cli-win32-x64@1.9.4':
    optional: true

  '@module-federation/error-codes@0.8.4': {}

  '@module-federation/runtime-tools@0.8.4':
    dependencies:
      '@module-federation/runtime': 0.8.4
      '@module-federation/webpack-bundler-runtime': 0.8.4

  '@module-federation/runtime@0.8.4':
    dependencies:
      '@module-federation/error-codes': 0.8.4
      '@module-federation/sdk': 0.8.4

  '@module-federation/sdk@0.8.4':
    dependencies:
      isomorphic-rslog: 0.0.6

  '@module-federation/webpack-bundler-runtime@0.8.4':
    dependencies:
      '@module-federation/runtime': 0.8.4
      '@module-federation/sdk': 0.8.4

  '@opentelemetry/api@1.9.0': {}

  '@rsbuild/core@1.2.14':
    dependencies:
      '@rspack/core': 1.2.5(@swc/helpers@0.5.15)
      '@rspack/lite-tapable': 1.0.1
      '@swc/helpers': 0.5.15
      core-js: 3.40.0
      jiti: 2.4.2
    transitivePeerDependencies:
      - '@rspack/tracing'

  '@rsbuild/plugin-react@1.1.1(@rsbuild/core@1.2.14)':
    dependencies:
      '@rsbuild/core': 1.2.14
      '@rspack/plugin-react-refresh': 1.0.1(react-refresh@0.16.0)
      react-refresh: 0.16.0

  '@rspack/binding-darwin-arm64@1.2.5':
    optional: true

  '@rspack/binding-darwin-x64@1.2.5':
    optional: true

  '@rspack/binding-linux-arm64-gnu@1.2.5':
    optional: true

  '@rspack/binding-linux-arm64-musl@1.2.5':
    optional: true

  '@rspack/binding-linux-x64-gnu@1.2.5':
    optional: true

  '@rspack/binding-linux-x64-musl@1.2.5':
    optional: true

  '@rspack/binding-win32-arm64-msvc@1.2.5':
    optional: true

  '@rspack/binding-win32-ia32-msvc@1.2.5':
    optional: true

  '@rspack/binding-win32-x64-msvc@1.2.5':
    optional: true

  '@rspack/binding@1.2.5':
    optionalDependencies:
      '@rspack/binding-darwin-arm64': 1.2.5
      '@rspack/binding-darwin-x64': 1.2.5
      '@rspack/binding-linux-arm64-gnu': 1.2.5
      '@rspack/binding-linux-arm64-musl': 1.2.5
      '@rspack/binding-linux-x64-gnu': 1.2.5
      '@rspack/binding-linux-x64-musl': 1.2.5
      '@rspack/binding-win32-arm64-msvc': 1.2.5
      '@rspack/binding-win32-ia32-msvc': 1.2.5
      '@rspack/binding-win32-x64-msvc': 1.2.5

  '@rspack/core@1.2.5(@swc/helpers@0.5.15)':
    dependencies:
      '@module-federation/runtime-tools': 0.8.4
      '@rspack/binding': 1.2.5
      '@rspack/lite-tapable': 1.0.1
      caniuse-lite: 1.0.30001701
    optionalDependencies:
      '@swc/helpers': 0.5.15

  '@rspack/lite-tapable@1.0.1': {}

  '@rspack/plugin-react-refresh@1.0.1(react-refresh@0.16.0)':
    dependencies:
      error-stack-parser: 2.1.4
      html-entities: 2.5.2
    optionalDependencies:
      react-refresh: 0.16.0

  '@socket.io/component-emitter@3.1.2': {}

  '@swc/helpers@0.5.15':
    dependencies:
      tslib: 2.8.1

  '@types/diff-match-patch@1.0.36': {}

  '@types/react-dom@19.0.4(@types/react@19.0.10)':
    dependencies:
      '@types/react': 19.0.10

  '@types/react@19.0.10':
    dependencies:
      csstype: 3.1.3

  ai@4.3.4(react@19.0.0)(zod@3.24.2):
    dependencies:
      '@ai-sdk/provider': 1.1.2
      '@ai-sdk/provider-utils': 2.2.6(zod@3.24.2)
      '@ai-sdk/react': 1.2.8(react@19.0.0)(zod@3.24.2)
      '@ai-sdk/ui-utils': 1.2.7(zod@3.24.2)
      '@opentelemetry/api': 1.9.0
      jsondiffpatch: 0.6.0
      zod: 3.24.2
    optionalDependencies:
      react: 19.0.0

  caniuse-lite@1.0.30001701: {}

  chalk@5.4.1: {}

  core-js@3.40.0: {}

  csstype@3.1.3: {}

  debug@4.3.7:
    dependencies:
      ms: 2.1.3

  dequal@2.0.3: {}

  diff-match-patch@1.0.5: {}

  engine.io-client@6.6.3:
    dependencies:
      '@socket.io/component-emitter': 3.1.2
      debug: 4.3.7
      engine.io-parser: 5.2.3
      ws: 8.17.1
      xmlhttprequest-ssl: 2.1.2
    transitivePeerDependencies:
      - bufferutil
      - supports-color
      - utf-8-validate

  engine.io-parser@5.2.3: {}

  error-stack-parser@2.1.4:
    dependencies:
      stackframe: 1.3.4

  hachure-fill@0.5.2: {}

  html-entities@2.5.2: {}

  isomorphic-rslog@0.0.6: {}

  jiti@2.4.2: {}

  json-schema@0.4.0: {}

  jsondiffpatch@0.6.0:
    dependencies:
      '@types/diff-match-patch': 1.0.36
      chalk: 5.4.1
      diff-match-patch: 1.0.5

  ms@2.1.3: {}

  nanoid@3.3.11: {}

  path-data-parser@0.1.0: {}

  points-on-curve@0.2.0: {}

  points-on-path@0.2.1:
    dependencies:
      path-data-parser: 0.1.0
      points-on-curve: 0.2.0

  react-dom@19.0.0(react@19.0.0):
    dependencies:
      react: 19.0.0
      scheduler: 0.25.0

  react-refresh@0.16.0: {}

  react@19.0.0: {}

  roughjs@4.6.6:
    dependencies:
      hachure-fill: 0.5.2
      path-data-parser: 0.1.0
      points-on-curve: 0.2.0
      points-on-path: 0.2.1

  scheduler@0.25.0: {}

  secure-json-parse@2.7.0: {}

  socket.io-client@4.8.1:
    dependencies:
      '@socket.io/component-emitter': 3.1.2
      debug: 4.3.7
      engine.io-client: 6.6.3
      socket.io-parser: 4.2.4
    transitivePeerDependencies:
      - bufferutil
      - supports-color
      - utf-8-validate

  socket.io-parser@4.2.4:
    dependencies:
      '@socket.io/component-emitter': 3.1.2
      debug: 4.3.7
    transitivePeerDependencies:
      - supports-color

  stackframe@1.3.4: {}

  swr@2.3.3(react@19.0.0):
    dependencies:
      dequal: 2.0.3
      react: 19.0.0
      use-sync-external-store: 1.5.0(react@19.0.0)

  throttleit@2.1.0: {}

  tslib@2.8.1: {}

  typescript@5.8.2: {}

  use-sync-external-store@1.5.0(react@19.0.0):
    dependencies:
      react: 19.0.0

  ws@8.17.1: {}

  xmlhttprequest-ssl@2.1.2: {}

  zod-to-json-schema@3.24.5(zod@3.24.2):
    dependencies:
      zod: 3.24.2

  zod@3.24.2: {}

  zustand@5.0.3(@types/react@19.0.10)(react@19.0.0)(use-sync-external-store@1.5.0(react@19.0.0)):
    optionalDependencies:
      '@types/react': 19.0.10
      react: 19.0.0
      use-sync-external-store: 1.5.0(react@19.0.0)
